
Microsoft Visual Studio Solution File, Format Version 12.00
# Visual Studio 15
VisualStudioVersion = 15.0.27703.2000
MinimumVisualStudioVersion = 10.0.40219.1
Project("{FAE04EC0-301F-11D3-BF4B-00C04F79EFBC}") = "AdoPart22", "AdoPart22\AdoPart22.csproj", "{53979258-0272-48D5-A763-973E019485C0}"
EndProject
Global
	GlobalSection(SolutionConfigurationPlatforms) = preSolution
		Debug|Any CPU = Debug|Any CPU
		Release|Any CPU = Release|Any CPU
	EndGlobalSection
	GlobalSection(ProjectConfigurationPlatforms) = postSolution
		{53979258-0272-48D5-A763-973E019485C0}.Debug|Any CPU.ActiveCfg = Debug|Any CPU
		{53979258-0272-48D5-A763-973E019485C0}.Debug|Any CPU.Build.0 = Debug|Any CPU
		{53979258-0272-48D5-A763-973E019485C0}.Release|Any CPU.ActiveCfg = Release|Any CPU
		{53979258-0272-48D5-A763-973E019485C0}.Release|Any CPU.Build.0 = Release|Any CPU
	EndGlobalSection
	GlobalSection(SolutionProperties) = preSolution
		HideSolutionNode = FALSE
	EndGlobalSection
	GlobalSection(ExtensibilityGlobals) = postSolution
		SolutionGuid = {0E91BA1B-BDD6-4663-9B0F-C8D9AAE65024}
	EndGlobalSection
EndGlobal
